// !$*UTF8*$!
{
	archiveVersion = 1;
	classes = {
	};
	objectVersion = 50;
	objects = {

/* Begin PBXBuildFile section */
		D704220A2241EDC100BB371E /* AppDelegate.swift in Sources */ = {isa = PBXBuildFile; fileRef = D70422092241EDC100BB371E /* AppDelegate.swift */; };
		D704220C2241EDC100BB371E /* ViewController.swift in Sources */ = {isa = PBXBuildFile; fileRef = D704220B2241EDC100BB371E /* ViewController.swift */; };
		D704220F2241EDC100BB371E /* Main.storyboard in Resources */ = {isa = PBXBuildFile; fileRef = D704220D2241EDC100BB371E /* Main.storyboard */; };
		D70422112241EDC200BB371E /* Assets.xcassets in Resources */ = {isa = PBXBuildFile; fileRef = D70422102241EDC200BB371E /* Assets.xcassets */; };
		D70422142241EDC200BB371E /* LaunchScreen.storyboard in Resources */ = {isa = PBXBuildFile; fileRef = D70422122241EDC200BB371E /* LaunchScreen.storyboard */; };
		D70422282242119800BB371E /* MessageRightCell.swift in Sources */ = {isa = PBXBuildFile; fileRef = D70422262242119800BB371E /* MessageRightCell.swift */; };
		D70422292242119800BB371E /* MessageRightCell.xib in Resources */ = {isa = PBXBuildFile; fileRef = D70422272242119800BB371E /* MessageRightCell.xib */; };
		D704222C224211E300BB371E /* CustomUIView.swift in Sources */ = {isa = PBXBuildFile; fileRef = D704222B224211E300BB371E /* CustomUIView.swift */; };
/* End PBXBuildFile section */

/* Begin PBXFileReference section */
		D70422062241EDC100BB371E /* ExampleGradientTable.app */ = {isa = PBXFileReference; explicitFileType = wrapper.application; includeInIndex = 0; path = ExampleGradientTable.app; sourceTree = BUILT_PRODUCTS_DIR; };
		D70422092241EDC100BB371E /* AppDelegate.swift */ = {isa = PBXFileReference; lastKnownFileType = sourcecode.swift; path = AppDelegate.swift; sourceTree = "<group>"; };
		D704220B2241EDC100BB371E /* ViewController.swift */ = {isa = PBXFileReference; lastKnownFileType = sourcecode.swift; path = ViewController.swift; sourceTree = "<group>"; };
		D704220E2241EDC100BB371E /* Base */ = {isa = PBXFileReference; lastKnownFileType = file.storyboard; name = Base; path = Base.lproj/Main.storyboard; sourceTree = "<group>"; };
		D70422102241EDC200BB371E /* Assets.xcassets */ = {isa = PBXFileReference; lastKnownFileType = folder.assetcatalog; path = Assets.xcassets; sourceTree = "<group>"; };
		D70422132241EDC200BB371E /* Base */ = {isa = PBXFileReference; lastKnownFileType = file.storyboard; name = Base; path = Base.lproj/LaunchScreen.storyboard; sourceTree = "<group>"; };
		D70422152241EDC200BB371E /* Info.plist */ = {isa = PBXFileReference; lastKnownFileType = text.plist.xml; path = Info.plist; sourceTree = "<group>"; };
		D70422262242119800BB371E /* MessageRightCell.swift */ = {isa = PBXFileReference; fileEncoding = 4; lastKnownFileType = sourcecode.swift; name = MessageRightCell.swift; path = ExampleGradientTable/Cell/MessageRightCell.swift; sourceTree = SOURCE_ROOT; };
		D70422272242119800BB371E /* MessageRightCell.xib */ = {isa = PBXFileReference; fileEncoding = 4; lastKnownFileType = file.xib; name = MessageRightCell.xib; path = ExampleGradientTable/Cell/MessageRightCell.xib; sourceTree = SOURCE_ROOT; };
		D704222B224211E300BB371E /* CustomUIView.swift */ = {isa = PBXFileReference; fileEncoding = 4; lastKnownFileType = sourcecode.swift; path = CustomUIView.swift; sourceTree = "<group>"; };
/* End PBXFileReference section */

/* Begin PBXFrameworksBuildPhase section */
		D70422032241EDC100BB371E /* Frameworks */ = {
			isa = PBXFrameworksBuildPhase;
			buildActionMask = 2147483647;
			files = (
			);
			runOnlyForDeploymentPostprocessing = 0;
		};
/* End PBXFrameworksBuildPhase section */

/* Begin PBXGroup section */
		D70421FD2241EDC100BB371E = {
			isa = PBXGroup;
			children = (
				D70422082241EDC100BB371E /* ExampleGradientTable */,
				D70422072241EDC100BB371E /* Products */,
			);
			sourceTree = "<group>";
		};
		D70422072241EDC100BB371E /* Products */ = {
			isa = PBXGroup;
			children = (
				D70422062241EDC100BB371E /* ExampleGradientTable.app */,
			);
			name = Products;
			sourceTree = "<group>";
		};
		D70422082241EDC100BB371E /* ExampleGradientTable */ = {
			isa = PBXGroup;
			children = (
				D704222A224211AC00BB371E /* CustomView */,
				D70422252242117700BB371E /* Cell */,
				D70422092241EDC100BB371E /* AppDelegate.swift */,
				D704220B2241EDC100BB371E /* ViewController.swift */,
				D704220D2241EDC100BB371E /* Main.storyboard */,
				D70422102241EDC200BB371E /* Assets.xcassets */,
				D70422122241EDC200BB371E /* LaunchScreen.storyboard */,
				D70422152241EDC200BB371E /* Info.plist */,
			);
			path = ExampleGradientTable;
			sourceTree = "<group>";
		};
		D70422252242117700BB371E /* Cell */ = {
			isa = PBXGroup;
			children = (
				D70422262242119800BB371E /* MessageRightCell.swift */,
				D70422272242119800BB371E /* MessageRightCell.xib */,
			);
			path = Cell;
			sourceTree = "<group>";
		};
		D704222A224211AC00BB371E /* CustomView */ = {
			isa = PBXGroup;
			children = (
				D704222B224211E300BB371E /* CustomUIView.swift */,
			);
			path = CustomView;
			sourceTree = "<group>";
		};
/* End PBXGroup section */

/* Begin PBXNativeTarget section */
		D70422052241EDC100BB371E /* ExampleGradientTable */ = {
			isa = PBXNativeTarget;
			buildConfigurationList = D70422182241EDC200BB371E /* Build configuration list for PBXNativeTarget "ExampleGradientTable" */;
			buildPhases = (
				D70422022241EDC100BB371E /* Sources */,
				D70422032241EDC100BB371E /* Frameworks */,
				D70422042241EDC100BB371E /* Resources */,
			);
			buildRules = (
			);
			dependencies = (
			);
			name = ExampleGradientTable;
			productName = ExampleGradientTable;
			productReference = D70422062241EDC100BB371E /* ExampleGradientTable.app */;
			productType = "com.apple.product-type.application";
		};
/* End PBXNativeTarget section */

/* Begin PBXProject section */
		D70421FE2241EDC100BB371E /* Project object */ = {
			isa = PBXProject;
			attributes = {
				LastSwiftUpdateCheck = 1010;
				LastUpgradeCheck = 1010;
				ORGANIZATIONNAME = "Pakkapon Kidpaisansub";
				TargetAttributes = {
					D70422052241EDC100BB371E = {
						CreatedOnToolsVersion = 10.1;
					};
				};
			};
			buildConfigurationList = D70422012241EDC100BB371E /* Build configuration list for PBXProject "ExampleGradientTable" */;
			compatibilityVersion = "Xcode 9.3";
			developmentRegion = en;
			hasScannedForEncodings = 0;
			knownRegions = (
				en,
				Base,
			);
			mainGroup = D70421FD2241EDC100BB371E;
			productRefGroup = D70422072241EDC100BB371E /* Products */;
			projectDirPath = "";
			projectRoot = "";
			targets = (
				D70422052241EDC100BB371E /* ExampleGradientTable */,
			);
		};
/* End PBXProject section */

/* Begin PBXResourcesBuildPhase section */
		D70422042241EDC100BB371E /* Resources */ = {
			isa = PBXResourcesBuildPhase;
			buildActionMask = 2147483647;
			files = (
				D70422142241EDC200BB371E /* LaunchScreen.storyboard in Resources */,
				D70422112241EDC200BB371E /* Assets.xcassets in Resources */,
				D704220F2241EDC100BB371E /* Main.storyboard in Resources */,
				D70422292242119800BB371E /* MessageRightCell.xib in Resources */,
			);
			runOnlyForDeploymentPostprocessing = 0;
		};
/* End PBXResourcesBuildPhase section */

/* Begin PBXSourcesBuildPhase section */
		D70422022241EDC100BB371E /* Sources */ = {
			isa = PBXSourcesBuildPhase;
			buildActionMask = 2147483647;
			files = (
				D70422282242119800BB371E /* MessageRightCell.swift in Sources */,
				D704222C224211E300BB371E /* CustomUIView.swift in Sources */,
				D704220C2241EDC100BB371E /* ViewController.swift in Sources */,
				D704220A2241EDC100BB371E /* AppDelegate.swift in Sources */,
			);
			runOnlyForDeploymentPostprocessing = 0;
		};
/* End PBXSourcesBuildPhase section */

/* Begin PBXVariantGroup section */
		D704220D2241EDC100BB371E /* Main.storyboard */ = {
			isa = PBXVariantGroup;
			children = (
				D704220E2241EDC100BB371E /* Base */,
			);
			name = Main.storyboard;
			sourceTree = "<group>";
		};
		D70422122241EDC200BB371E /* LaunchScreen.storyboard */ = {
			isa = PBXVariantGroup;
			children = (
				D70422132241EDC200BB371E /* Base */,
			);
			name = LaunchScreen.storyboard;
			sourceTree = "<group>";
		};
/* End PBXVariantGroup section */

/* Begin XCBuildConfiguration section */
		D70422162241EDC200BB371E /* Debug */ = {
			isa = XCBuildConfiguration;
			buildSettings = {
				ALWAYS_SEARCH_USER_PATHS = NO;
				CLANG_ANALYZER_NONNULL = YES;
				CLANG_ANALYZER_NUMBER_OBJECT_CONVERSION = YES_AGGRESSIVE;
				CLANG_CXX_LANGUAGE_STANDARD = "gnu++14";
				CLANG_CXX_LIBRARY = "libc++";
				CLANG_ENABLE_MODULES = YES;
				CLANG_ENABLE_OBJC_ARC = YES;
				CLANG_ENABLE_OBJC_WEAK = YES;
				CLANG_WARN_BLOCK_CAPTURE_AUTORELEASING = YES;
				CLANG_WARN_BOOL_CONVERSION = YES;
				CLANG_WARN_COMMA = YES;
				CLANG_WARN_CONSTANT_CONVERSION = YES;
				CLANG_WARN_DEPRECATED_OBJC_IMPLEMENTATIONS = YES;
				CLANG_WARN_DIRECT_OBJC_ISA_USAGE = YES_ERROR;
				CLANG_WARN_DOCUMENTATION_COMMENTS = YES;
				CLANG_WARN_EMPTY_BODY = YES;
				CLANG_WARN_ENUM_CONVERSION = YES;
				CLANG_WARN_INFINITE_RECURSION = YES;
				CLANG_WARN_INT_CONVERSION = YES;
				CLANG_WARN_NON_LITERAL_NULL_CONVERSION = YES;
				CLANG_WARN_OBJC_IMPLICIT_RETAIN_SELF = YES;
				CLANG_WARN_OBJC_LITERAL_CONVERSION = YES;
				CLANG_WARN_OBJC_ROOT_CLASS = YES_ERROR;
				CLANG_WARN_RANGE_LOOP_ANALYSIS = YES;
				CLANG_WARN_STRICT_PROTOTYPES = YES;
				CLANG_WARN_SUSPICIOUS_MOVE = YES;
				CLANG_WARN_UNGUARDED_AVAILABILITY = YES_AGGRESSIVE;
				CLANG_WARN_UNREACHABLE_CODE = YES;
				CLANG_WARN__DUPLICATE_METHOD_MATCH = YES;
				CODE_SIGN_IDENTITY = "iPhone Developer";
				COPY_PHASE_STRIP = NO;
				DEBUG_INFORMATION_FORMAT = dwarf;
				ENABLE_STRICT_OBJC_MSGSEND = YES;
				ENABLE_TESTABILITY = YES;
				GCC_C_LANGUAGE_STANDARD = gnu11;
				GCC_DYNAMIC_NO_PIC = NO;
				GCC_NO_COMMON_BLOCKS = YES;
				GCC_OPTIMIZATION_LEVEL = 0;
				GCC_PREPROCESSOR_DEFINITIONS = (
					"DEBUG=1",
					"$(inherited)",
				);
				GCC_WARN_64_TO_32_BIT_CONVERSION = YES;
				GCC_WARN_ABOUT_RETURN_TYPE = YES_ERROR;
				GCC_WARN_UNDECLARED_SELECTOR = YES;
				GCC_WARN_UNINITIALIZED_AUTOS = YES_AGGRESSIVE;
				GCC_WARN_UNUSED_FUNCTION = YES;
				GCC_WARN_UNUSED_VARIABLE = YES;
				IPHONEOS_DEPLOYMENT_TARGET = 12.1;
				MTL_ENABLE_DEBUG_INFO = INCLUDE_SOURCE;
				MTL_FAST_MATH = YES;
				ONLY_ACTIVE_ARCH = YES;
				SDKROOT = iphoneos;
				SWIFT_ACTIVE_COMPILATION_CONDITIONS = DEBUG;
				SWIFT_OPTIMIZATION_LEVEL = "-Onone";
			};
			name = Debug;
		};
		D70422172241EDC200BB371E /* Release */ = {
			isa = XCBuildConfiguration;
			buildSettings = {
				ALWAYS_SEARCH_USER_PATHS = NO;
				CLANG_ANALYZER_NONNULL = YES;
				CLANG_ANALYZER_NUMBER_OBJECT_CONVERSION = YES_AGGRESSIVE;
				CLANG_CXX_LANGUAGE_STANDARD = "gnu++14";
				CLANG_CXX_LIBRARY = "libc++";
				CLANG_ENABLE_MODULES = YES;
				CLANG_ENABLE_OBJC_ARC = YES;
				CLANG_ENABLE_OBJC_WEAK = YES;
				CLANG_WARN_BLOCK_CAPTURE_AUTORELEASING = YES;
				CLANG_WARN_BOOL_CONVERSION = YES;
				CLANG_WARN_COMMA = YES;
				CLANG_WARN_CONSTANT_CONVERSION = YES;
				CLANG_WARN_DEPRECATED_OBJC_IMPLEMENTATIONS = YES;
				CLANG_WARN_DIRECT_OBJC_ISA_USAGE = YES_ERROR;
				CLANG_WARN_DOCUMENTATION_COMMENTS = YES;
				CLANG_WARN_EMPTY_BODY = YES;
				CLANG_WARN_ENUM_CONVERSION = YES;
				CLANG_WARN_INFINITE_RECURSION = YES;
				CLANG_WARN_INT_CONVERSION = YES;
				CLANG_WARN_NON_LITERAL_NULL_CONVERSION = YES;
				CLANG_WARN_OBJC_IMPLICIT_RETAIN_SELF = YES;
				CLANG_WARN_OBJC_LITERAL_CONVERSION = YES;
				CLANG_WARN_OBJC_ROOT_CLASS = YES_ERROR;
				CLANG_WARN_RANGE_LOOP_ANALYSIS = YES;
				CLANG_WARN_STRICT_PROTOTYPES = YES;
				CLANG_WARN_SUSPICIOUS_MOVE = YES;
				CLANG_WARN_UNGUARDED_AVAILABILITY = YES_AGGRESSIVE;
				CLANG_WARN_UNREACHABLE_CODE = YES;
				CLANG_WARN__DUPLICATE_METHOD_MATCH = YES;
				CODE_SIGN_IDENTITY = "iPhone Developer";
				COPY_PHASE_STRIP = NO;
				DEBUG_INFORMATION_FORMAT = "dwarf-with-dsym";
				ENABLE_NS_ASSERTIONS = NO;
				ENABLE_STRICT_OBJC_MSGSEND = YES;
				GCC_C_LANGUAGE_STANDARD = gnu11;
				GCC_NO_COMMON_BLOCKS = YES;
				GCC_WARN_64_TO_32_BIT_CONVERSION = YES;
				GCC_WARN_ABOUT_RETURN_TYPE = YES_ERROR;
				GCC_WARN_UNDECLARED_SELECTOR = YES;
				GCC_WARN_UNINITIALIZED_AUTOS = YES_AGGRESSIVE;
				GCC_WARN_UNUSED_FUNCTION = YES;
				GCC_WARN_UNUSED_VARIABLE = YES;
				IPHONEOS_DEPLOYMENT_TARGET = 12.1;
				MTL_ENABLE_DEBUG_INFO = NO;
				MTL_FAST_MATH = YES;
				SDKROOT = iphoneos;
				SWIFT_COMPILATION_MODE = wholemodule;
				SWIFT_OPTIMIZATION_LEVEL = "-O";
				VALIDATE_PRODUCT = YES;
			};
			name = Release;
		};
		D70422192241EDC200BB371E /* Debug */ = {
			isa = XCBuildConfiguration;
			buildSettings = {
				ASSETCATALOG_COMPILER_APPICON_NAME = AppIcon;
				CODE_SIGN_STYLE = Automatic;
				DEVELOPMENT_TEAM = AHPMCZJHZV;
				INFOPLIST_FILE = ExampleGradientTable/Info.plist;
				LD_RUNPATH_SEARCH_PATHS = (
					"$(inherited)",
					"@executable_path/Frameworks",
				);
				PRODUCT_BUNDLE_IDENTIFIER = kpss.ExampleGradientTable;
				PRODUCT_NAME = "$(TARGET_NAME)";
				SWIFT_VERSION = 4.2;
				TARGETED_DEVICE_FAMILY = 1;
			};
			name = Debug;
		};
		D704221A2241EDC200BB371E /* Release */ = {
			isa = XCBuildConfiguration;
			buildSettings = {
				ASSETCATALOG_COMPILER_APPICON_NAME = AppIcon;
				CODE_SIGN_STYLE = Automatic;
				DEVELOPMENT_TEAM = AHPMCZJHZV;
				INFOPLIST_FILE = ExampleGradientTable/Info.plist;
				LD_RUNPATH_SEARCH_PATHS = (
					"$(inherited)",
					"@executable_path/Frameworks",
				);
				PRODUCT_BUNDLE_IDENTIFIER = kpss.ExampleGradientTable;
				PRODUCT_NAME = "$(TARGET_NAME)";
				SWIFT_VERSION = 4.2;
				TARGETED_DEVICE_FAMILY = 1;
			};
			name = Release;
		};
/* End XCBuildConfiguration section */

/* Begin XCConfigurationList section */
		D70422012241EDC100BB371E /* Build configuration list for PBXProject "ExampleGradientTable" */ = {
			isa = XCConfigurationList;
			buildConfigurations = (
				D70422162241EDC200BB371E /* Debug */,
				D70422172241EDC200BB371E /* Release */,
			);
			defaultConfigurationIsVisible = 0;
			defaultConfigurationName = Release;
		};
		D70422182241EDC200BB371E /* Build configuration list for PBXNativeTarget "ExampleGradientTable" */ = {
			isa = XCConfigurationList;
			buildConfigurations = (
				D70422192241EDC200BB371E /* Debug */,
				D704221A2241EDC200BB371E /* Release */,
			);
			defaultConfigurationIsVisible = 0;
			defaultConfigurationName = Release;
		};
/* End XCConfigurationList section */
	};
	rootObject = D70421FE2241EDC100BB371E /* Project object */;
}
